
Microsoft Visual Studio Solution File, Format Version 12.00
# Visual Studio 15
VisualStudioVersion = 15.0.27703.2042
MinimumVisualStudioVersion = 10.0.40219.1
Project("{FAE04EC0-301F-11D3-BF4B-00C04F79EFBC}") = "FPGAUploader", "FPGAUploader\FPGAUploader.csproj", "{6241236E-EB5F-4192-B2F4-74507C7A790F}"
EndProject
Global
	GlobalSection(SolutionConfigurationPlatforms) = preSolution
		Debug|Any CPU = Debug|Any CPU
		Release|Any CPU = Release|Any CPU
	EndGlobalSection
	GlobalSection(ProjectConfigurationPlatforms) = postSolution
		{6241236E-EB5F-4192-B2F4-74507C7A790F}.Debug|Any CPU.ActiveCfg = Debug|Any CPU
		{6241236E-EB5F-4192-B2F4-74507C7A790F}.Debug|Any CPU.Build.0 = Debug|Any CPU
		{6241236E-EB5F-4192-B2F4-74507C7A790F}.Release|Any CPU.ActiveCfg = Release|Any CPU
		{6241236E-EB5F-4192-B2F4-74507C7A790F}.Release|Any CPU.Build.0 = Release|Any CPU
	EndGlobalSection
	GlobalSection(SolutionProperties) = preSolution
		HideSolutionNode = FALSE
	EndGlobalSection
	GlobalSection(ExtensibilityGlobals) = postSolution
		SolutionGuid = {A4806F9B-7000-4C7F-9629-80DA72557ADA}
	EndGlobalSection
EndGlobal
